
Microsoft Visual Studio Solution File, Format Version 12.00
# Visual Studio Version 17
VisualStudioVersion = 17.14.36203.30
MinimumVisualStudioVersion = 10.0.40219.1
Project("{FAE04EC0-301F-11D3-BF4B-00C04F79EFBC}") = "IdentityAPI", "IdentityAPI\IdentityAPI.csproj", "{A0E46AF4-A486-4C3C-A91A-7E85CEA299F4}"
EndProject
Project("{FAE04EC0-301F-11D3-BF4B-00C04F79EFBC}") = "IdentityAPI.Tests", "IdentityAPI.Tests\IdentityAPI.Tests.csproj", "{7A1A7833-B03F-5B91-720E-3CE8A77DAA59}"
EndProject
Project("{FAE04EC0-301F-11D3-BF4B-00C04F79EFBC}") = "IdentityAPI.Integration", "IdentityAPI.Integration\IdentityAPI.Integration.csproj", "{07599659-0DD1-8EE3-8C96-673025892221}"
EndProject
Project("{E53339B2-1760-4266-BCC7-CA923CBCF16C}") = "docker-compose", "docker-compose.dcproj", "{81DDED9D-158B-E303-5F62-77A2896D2A5A}"
EndProject
Project("{FAE04EC0-301F-11D3-BF4B-00C04F79EFBC}") = "Aspire", "Aspire\Aspire.csproj", "{BABEE1A5-080C-4F00-AC74-E88EF7528C70}"
EndProject
Global
	GlobalSection(SolutionConfigurationPlatforms) = preSolution
		Debug|Any CPU = Debug|Any CPU
		Release|Any CPU = Release|Any CPU
	EndGlobalSection
	GlobalSection(ProjectConfigurationPlatforms) = postSolution
		{A0E46AF4-A486-4C3C-A91A-7E85CEA299F4}.Debug|Any CPU.ActiveCfg = Debug|Any CPU
		{A0E46AF4-A486-4C3C-A91A-7E85CEA299F4}.Debug|Any CPU.Build.0 = Debug|Any CPU
		{A0E46AF4-A486-4C3C-A91A-7E85CEA299F4}.Release|Any CPU.ActiveCfg = Release|Any CPU
		{A0E46AF4-A486-4C3C-A91A-7E85CEA299F4}.Release|Any CPU.Build.0 = Release|Any CPU
		{7A1A7833-B03F-5B91-720E-3CE8A77DAA59}.Debug|Any CPU.ActiveCfg = Debug|Any CPU
		{7A1A7833-B03F-5B91-720E-3CE8A77DAA59}.Debug|Any CPU.Build.0 = Debug|Any CPU
		{7A1A7833-B03F-5B91-720E-3CE8A77DAA59}.Release|Any CPU.ActiveCfg = Release|Any CPU
		{7A1A7833-B03F-5B91-720E-3CE8A77DAA59}.Release|Any CPU.Build.0 = Release|Any CPU
		{07599659-0DD1-8EE3-8C96-673025892221}.Debug|Any CPU.ActiveCfg = Debug|Any CPU
		{07599659-0DD1-8EE3-8C96-673025892221}.Debug|Any CPU.Build.0 = Debug|Any CPU
		{07599659-0DD1-8EE3-8C96-673025892221}.Release|Any CPU.ActiveCfg = Release|Any CPU
		{07599659-0DD1-8EE3-8C96-673025892221}.Release|Any CPU.Build.0 = Release|Any CPU
		{81DDED9D-158B-E303-5F62-77A2896D2A5A}.Debug|Any CPU.ActiveCfg = Debug|Any CPU
		{81DDED9D-158B-E303-5F62-77A2896D2A5A}.Debug|Any CPU.Build.0 = Debug|Any CPU
		{81DDED9D-158B-E303-5F62-77A2896D2A5A}.Release|Any CPU.ActiveCfg = Release|Any CPU
		{81DDED9D-158B-E303-5F62-77A2896D2A5A}.Release|Any CPU.Build.0 = Release|Any CPU
		{BABEE1A5-080C-4F00-AC74-E88EF7528C70}.Debug|Any CPU.ActiveCfg = Debug|Any CPU
		{BABEE1A5-080C-4F00-AC74-E88EF7528C70}.Debug|Any CPU.Build.0 = Debug|Any CPU
		{BABEE1A5-080C-4F00-AC74-E88EF7528C70}.Release|Any CPU.ActiveCfg = Release|Any CPU
		{BABEE1A5-080C-4F00-AC74-E88EF7528C70}.Release|Any CPU.Build.0 = Release|Any CPU
	EndGlobalSection
	GlobalSection(SolutionProperties) = preSolution
		HideSolutionNode = FALSE
	EndGlobalSection
	GlobalSection(ExtensibilityGlobals) = postSolution
		SolutionGuid = {45E68CCA-A66F-4F06-9374-476DE4FFF35D}
	EndGlobalSection
EndGlobal
