
Microsoft Visual Studio Solution File, Format Version 12.00
# Visual Studio Version 17
VisualStudioVersion = 17.14.36203.30 d17.14
MinimumVisualStudioVersion = 10.0.40219.1
Project("{FAE04EC0-301F-11D3-BF4B-00C04F79EFBC}") = "IdentityAPI", "IdentityAPI\IdentityAPI.csproj", "{A0E46AF4-A486-4C3C-A91A-7E85CEA299F4}"
EndProject
Global
	GlobalSection(SolutionConfigurationPlatforms) = preSolution
		Debug|Any CPU = Debug|Any CPU
		Release|Any CPU = Release|Any CPU
	EndGlobalSection
	GlobalSection(ProjectConfigurationPlatforms) = postSolution
		{A0E46AF4-A486-4C3C-A91A-7E85CEA299F4}.Debug|Any CPU.ActiveCfg = Debug|Any CPU
		{A0E46AF4-A486-4C3C-A91A-7E85CEA299F4}.Debug|Any CPU.Build.0 = Debug|Any CPU
		{A0E46AF4-A486-4C3C-A91A-7E85CEA299F4}.Release|Any CPU.ActiveCfg = Release|Any CPU
		{A0E46AF4-A486-4C3C-A91A-7E85CEA299F4}.Release|Any CPU.Build.0 = Release|Any CPU
	EndGlobalSection
	GlobalSection(SolutionProperties) = preSolution
		HideSolutionNode = FALSE
	EndGlobalSection
	GlobalSection(ExtensibilityGlobals) = postSolution
		SolutionGuid = {45E68CCA-A66F-4F06-9374-476DE4FFF35D}
	EndGlobalSection
EndGlobal
