
Microsoft Visual Studio Solution File, Format Version 12.00
# Visual Studio Version 17
VisualStudioVersion = 17.14.36203.30
MinimumVisualStudioVersion = 10.0.40219.1
Project("{FAE04EC0-301F-11D3-BF4B-00C04F79EFBC}") = "IdentityAPI", "IdentityAPI\IdentityAPI.csproj", "{A0E46AF4-A486-4C3C-A91A-7E85CEA299F4}"
EndProject
Project("{FAE04EC0-301F-11D3-BF4B-00C04F79EFBC}") = "IdentityAPI.Tests", "IdentityAPI.Tests\IdentityAPI.Tests.csproj", "{7A1A7833-B03F-5B91-720E-3CE8A77DAA59}"
EndProject
Project("{FAE04EC0-301F-11D3-BF4B-00C04F79EFBC}") = "IdentityAPI.Integration", "IdentityAPI.Integration\IdentityAPI.Integration.csproj", "{07599659-0DD1-8EE3-8C96-673025892221}"
EndProject
Project("{FAE04EC0-301F-11D3-BF4B-00C04F79EFBC}") = "Aspire", "Aspire\Aspire.csproj", "{BABEE1A5-080C-4F00-AC74-E88EF7528C70}"
EndProject
Project("{2150E333-8FDC-42A3-9474-1A3956D46DE8}") = "Tikal", "Tikal", "{8BE05676-1943-4F94-AED1-8938EC872324}"
	ProjectSection(SolutionItems) = preProject
		Tikal\README.md = Tikal\README.md
	EndProjectSection
EndProject
Project("{FAE04EC0-301F-11D3-BF4B-00C04F79EFBC}") = "Tikal.Domain", "Tikal\Tikal.Domain\Tikal.Domain.csproj", "{927E99CF-5C5C-4D71-A870-D6B02BBF7312}"
EndProject
Project("{FAE04EC0-301F-11D3-BF4B-00C04F79EFBC}") = "Tikal.Application", "Tikal\Tikal.Application\Tikal.Application.csproj", "{1A3C24EB-B99D-43C4-9282-A9454609ECDE}"
EndProject
Project("{FAE04EC0-301F-11D3-BF4B-00C04F79EFBC}") = "Tikal.Infrastructure", "Tikal\Tikal.Infrastructure\Tikal.Infrastructure.csproj", "{8580DF68-E70F-4BFE-864A-59061AD29FD8}"
EndProject
Project("{FAE04EC0-301F-11D3-BF4B-00C04F79EFBC}") = "Tikal.Presentation", "Tikal\Tikal.Presentation\Tikal.Presentation.csproj", "{AEFD08B1-1FAF-4F6C-9B0F-B8B8ED6329E7}"
EndProject
Project("{FAE04EC0-301F-11D3-BF4B-00C04F79EFBC}") = "Tikal.App", "Tikal\Tikal.App\Tikal.App.csproj", "{9CE9254C-BFB6-4766-8C46-EFD5A5072BF3}"
EndProject
Project("{2150E333-8FDC-42A3-9474-1A3956D46DE8}") = "Tikal.Tests", "Tikal.Tests", "{E63B7B5A-7B0D-472A-A71B-22091FB11CF7}"
	ProjectSection(SolutionItems) = preProject
		Tikal.Tests\README.md = Tikal.Tests\README.md
	EndProjectSection
EndProject
Project("{FAE04EC0-301F-11D3-BF4B-00C04F79EFBC}") = "Tikal.Domain.Tests", "Tikal.Tests\Tikal.Domain.Tests\Tikal.Domain.Tests.csproj", "{0547217C-E6AF-4C2F-ADD7-59622221A155}"
EndProject
Project("{FAE04EC0-301F-11D3-BF4B-00C04F79EFBC}") = "Tikal.Application.Tests", "Tikal.Tests\Tikal.Application.Tests\Tikal.Application.Tests.csproj", "{99C902B5-CAD4-4DCC-987B-5AAAED91CFD3}"
EndProject
Project("{FAE04EC0-301F-11D3-BF4B-00C04F79EFBC}") = "Tikal.Integration", "Tikal.Tests\Tikal.Integration\Tikal.Integration.csproj", "{83D0DBA1-B0E6-4E45-BA27-AABDD60E8D90}"
EndProject
Project("{2150E333-8FDC-42A3-9474-1A3956D46DE8}") = "Identity", "Identity", "{39345047-FC50-447E-8287-877ACA6993A3}"
EndProject
Project("{FAE04EC0-301F-11D3-BF4B-00C04F79EFBC}") = "Identity.Domain", "Identity\Identity.Domain\Identity.Domain.csproj", "{3661CE9A-D3BC-4984-BF21-C85E66AB43DB}"
EndProject
Project("{FAE04EC0-301F-11D3-BF4B-00C04F79EFBC}") = "Identity.Application", "Identity\Identity.Application\Identity.Application.csproj", "{3094383F-F0A6-4544-B407-9723B480ECAB}"
EndProject
Project("{FAE04EC0-301F-11D3-BF4B-00C04F79EFBC}") = "Identity.Infrastructure", "Identity\Identity.Infrastructure\Identity.Infrastructure.csproj", "{5B0F83D9-44B1-4D3B-B775-99245878662E}"
EndProject
Project("{FAE04EC0-301F-11D3-BF4B-00C04F79EFBC}") = "Identity.Presentation", "Identity\Identity.Presentation\Identity.Presentation.csproj", "{9E558223-7784-4597-8171-DED9B4BE5444}"
EndProject
Project("{FAE04EC0-301F-11D3-BF4B-00C04F79EFBC}") = "Identity.App", "Identity\Identity.App\Identity.App.csproj", "{8D455523-B994-4C51-ABEC-A896FC406BFF}"
EndProject
Global
	GlobalSection(SolutionConfigurationPlatforms) = preSolution
		Debug|Any CPU = Debug|Any CPU
		Release|Any CPU = Release|Any CPU
	EndGlobalSection
	GlobalSection(ProjectConfigurationPlatforms) = postSolution
		{A0E46AF4-A486-4C3C-A91A-7E85CEA299F4}.Debug|Any CPU.ActiveCfg = Debug|Any CPU
		{A0E46AF4-A486-4C3C-A91A-7E85CEA299F4}.Debug|Any CPU.Build.0 = Debug|Any CPU
		{A0E46AF4-A486-4C3C-A91A-7E85CEA299F4}.Release|Any CPU.ActiveCfg = Release|Any CPU
		{A0E46AF4-A486-4C3C-A91A-7E85CEA299F4}.Release|Any CPU.Build.0 = Release|Any CPU
		{7A1A7833-B03F-5B91-720E-3CE8A77DAA59}.Debug|Any CPU.ActiveCfg = Debug|Any CPU
		{7A1A7833-B03F-5B91-720E-3CE8A77DAA59}.Debug|Any CPU.Build.0 = Debug|Any CPU
		{7A1A7833-B03F-5B91-720E-3CE8A77DAA59}.Release|Any CPU.ActiveCfg = Release|Any CPU
		{7A1A7833-B03F-5B91-720E-3CE8A77DAA59}.Release|Any CPU.Build.0 = Release|Any CPU
		{07599659-0DD1-8EE3-8C96-673025892221}.Debug|Any CPU.ActiveCfg = Debug|Any CPU
		{07599659-0DD1-8EE3-8C96-673025892221}.Debug|Any CPU.Build.0 = Debug|Any CPU
		{07599659-0DD1-8EE3-8C96-673025892221}.Release|Any CPU.ActiveCfg = Release|Any CPU
		{07599659-0DD1-8EE3-8C96-673025892221}.Release|Any CPU.Build.0 = Release|Any CPU
		{BABEE1A5-080C-4F00-AC74-E88EF7528C70}.Debug|Any CPU.ActiveCfg = Debug|Any CPU
		{BABEE1A5-080C-4F00-AC74-E88EF7528C70}.Debug|Any CPU.Build.0 = Debug|Any CPU
		{BABEE1A5-080C-4F00-AC74-E88EF7528C70}.Release|Any CPU.ActiveCfg = Release|Any CPU
		{BABEE1A5-080C-4F00-AC74-E88EF7528C70}.Release|Any CPU.Build.0 = Release|Any CPU
		{927E99CF-5C5C-4D71-A870-D6B02BBF7312}.Debug|Any CPU.ActiveCfg = Debug|Any CPU
		{927E99CF-5C5C-4D71-A870-D6B02BBF7312}.Debug|Any CPU.Build.0 = Debug|Any CPU
		{927E99CF-5C5C-4D71-A870-D6B02BBF7312}.Release|Any CPU.ActiveCfg = Release|Any CPU
		{927E99CF-5C5C-4D71-A870-D6B02BBF7312}.Release|Any CPU.Build.0 = Release|Any CPU
		{1A3C24EB-B99D-43C4-9282-A9454609ECDE}.Debug|Any CPU.ActiveCfg = Debug|Any CPU
		{1A3C24EB-B99D-43C4-9282-A9454609ECDE}.Debug|Any CPU.Build.0 = Debug|Any CPU
		{1A3C24EB-B99D-43C4-9282-A9454609ECDE}.Release|Any CPU.ActiveCfg = Release|Any CPU
		{1A3C24EB-B99D-43C4-9282-A9454609ECDE}.Release|Any CPU.Build.0 = Release|Any CPU
		{8580DF68-E70F-4BFE-864A-59061AD29FD8}.Debug|Any CPU.ActiveCfg = Debug|Any CPU
		{8580DF68-E70F-4BFE-864A-59061AD29FD8}.Debug|Any CPU.Build.0 = Debug|Any CPU
		{8580DF68-E70F-4BFE-864A-59061AD29FD8}.Release|Any CPU.ActiveCfg = Release|Any CPU
		{8580DF68-E70F-4BFE-864A-59061AD29FD8}.Release|Any CPU.Build.0 = Release|Any CPU
		{AEFD08B1-1FAF-4F6C-9B0F-B8B8ED6329E7}.Debug|Any CPU.ActiveCfg = Debug|Any CPU
		{AEFD08B1-1FAF-4F6C-9B0F-B8B8ED6329E7}.Debug|Any CPU.Build.0 = Debug|Any CPU
		{AEFD08B1-1FAF-4F6C-9B0F-B8B8ED6329E7}.Release|Any CPU.ActiveCfg = Release|Any CPU
		{AEFD08B1-1FAF-4F6C-9B0F-B8B8ED6329E7}.Release|Any CPU.Build.0 = Release|Any CPU
		{9CE9254C-BFB6-4766-8C46-EFD5A5072BF3}.Debug|Any CPU.ActiveCfg = Debug|Any CPU
		{9CE9254C-BFB6-4766-8C46-EFD5A5072BF3}.Debug|Any CPU.Build.0 = Debug|Any CPU
		{9CE9254C-BFB6-4766-8C46-EFD5A5072BF3}.Release|Any CPU.ActiveCfg = Release|Any CPU
		{9CE9254C-BFB6-4766-8C46-EFD5A5072BF3}.Release|Any CPU.Build.0 = Release|Any CPU
		{0547217C-E6AF-4C2F-ADD7-59622221A155}.Debug|Any CPU.ActiveCfg = Debug|Any CPU
		{0547217C-E6AF-4C2F-ADD7-59622221A155}.Debug|Any CPU.Build.0 = Debug|Any CPU
		{0547217C-E6AF-4C2F-ADD7-59622221A155}.Release|Any CPU.ActiveCfg = Release|Any CPU
		{0547217C-E6AF-4C2F-ADD7-59622221A155}.Release|Any CPU.Build.0 = Release|Any CPU
		{99C902B5-CAD4-4DCC-987B-5AAAED91CFD3}.Debug|Any CPU.ActiveCfg = Debug|Any CPU
		{99C902B5-CAD4-4DCC-987B-5AAAED91CFD3}.Debug|Any CPU.Build.0 = Debug|Any CPU
		{99C902B5-CAD4-4DCC-987B-5AAAED91CFD3}.Release|Any CPU.ActiveCfg = Release|Any CPU
		{99C902B5-CAD4-4DCC-987B-5AAAED91CFD3}.Release|Any CPU.Build.0 = Release|Any CPU
		{83D0DBA1-B0E6-4E45-BA27-AABDD60E8D90}.Debug|Any CPU.ActiveCfg = Debug|Any CPU
		{83D0DBA1-B0E6-4E45-BA27-AABDD60E8D90}.Debug|Any CPU.Build.0 = Debug|Any CPU
		{83D0DBA1-B0E6-4E45-BA27-AABDD60E8D90}.Release|Any CPU.ActiveCfg = Release|Any CPU
		{83D0DBA1-B0E6-4E45-BA27-AABDD60E8D90}.Release|Any CPU.Build.0 = Release|Any CPU
		{3661CE9A-D3BC-4984-BF21-C85E66AB43DB}.Debug|Any CPU.ActiveCfg = Debug|Any CPU
		{3661CE9A-D3BC-4984-BF21-C85E66AB43DB}.Debug|Any CPU.Build.0 = Debug|Any CPU
		{3661CE9A-D3BC-4984-BF21-C85E66AB43DB}.Release|Any CPU.ActiveCfg = Release|Any CPU
		{3661CE9A-D3BC-4984-BF21-C85E66AB43DB}.Release|Any CPU.Build.0 = Release|Any CPU
		{3094383F-F0A6-4544-B407-9723B480ECAB}.Debug|Any CPU.ActiveCfg = Debug|Any CPU
		{3094383F-F0A6-4544-B407-9723B480ECAB}.Debug|Any CPU.Build.0 = Debug|Any CPU
		{3094383F-F0A6-4544-B407-9723B480ECAB}.Release|Any CPU.ActiveCfg = Release|Any CPU
		{3094383F-F0A6-4544-B407-9723B480ECAB}.Release|Any CPU.Build.0 = Release|Any CPU
		{5B0F83D9-44B1-4D3B-B775-99245878662E}.Debug|Any CPU.ActiveCfg = Debug|Any CPU
		{5B0F83D9-44B1-4D3B-B775-99245878662E}.Debug|Any CPU.Build.0 = Debug|Any CPU
		{5B0F83D9-44B1-4D3B-B775-99245878662E}.Release|Any CPU.ActiveCfg = Release|Any CPU
		{5B0F83D9-44B1-4D3B-B775-99245878662E}.Release|Any CPU.Build.0 = Release|Any CPU
		{9E558223-7784-4597-8171-DED9B4BE5444}.Debug|Any CPU.ActiveCfg = Debug|Any CPU
		{9E558223-7784-4597-8171-DED9B4BE5444}.Debug|Any CPU.Build.0 = Debug|Any CPU
		{9E558223-7784-4597-8171-DED9B4BE5444}.Release|Any CPU.ActiveCfg = Release|Any CPU
		{9E558223-7784-4597-8171-DED9B4BE5444}.Release|Any CPU.Build.0 = Release|Any CPU
		{8D455523-B994-4C51-ABEC-A896FC406BFF}.Debug|Any CPU.ActiveCfg = Debug|Any CPU
		{8D455523-B994-4C51-ABEC-A896FC406BFF}.Debug|Any CPU.Build.0 = Debug|Any CPU
		{8D455523-B994-4C51-ABEC-A896FC406BFF}.Release|Any CPU.ActiveCfg = Release|Any CPU
		{8D455523-B994-4C51-ABEC-A896FC406BFF}.Release|Any CPU.Build.0 = Release|Any CPU
	EndGlobalSection
	GlobalSection(SolutionProperties) = preSolution
		HideSolutionNode = FALSE
	EndGlobalSection
	GlobalSection(ExtensibilityGlobals) = postSolution
		SolutionGuid = {45E68CCA-A66F-4F06-9374-476DE4FFF35D}
	EndGlobalSection
	GlobalSection(NestedProjects) = preSolution
		{927E99CF-5C5C-4D71-A870-D6B02BBF7312} = {8BE05676-1943-4F94-AED1-8938EC872324}
		{1A3C24EB-B99D-43C4-9282-A9454609ECDE} = {8BE05676-1943-4F94-AED1-8938EC872324}
		{8580DF68-E70F-4BFE-864A-59061AD29FD8} = {8BE05676-1943-4F94-AED1-8938EC872324}
		{AEFD08B1-1FAF-4F6C-9B0F-B8B8ED6329E7} = {8BE05676-1943-4F94-AED1-8938EC872324}
		{9CE9254C-BFB6-4766-8C46-EFD5A5072BF3} = {8BE05676-1943-4F94-AED1-8938EC872324}
		{0547217C-E6AF-4C2F-ADD7-59622221A155} = {E63B7B5A-7B0D-472A-A71B-22091FB11CF7}
		{99C902B5-CAD4-4DCC-987B-5AAAED91CFD3} = {E63B7B5A-7B0D-472A-A71B-22091FB11CF7}
		{83D0DBA1-B0E6-4E45-BA27-AABDD60E8D90} = {E63B7B5A-7B0D-472A-A71B-22091FB11CF7}
		{3661CE9A-D3BC-4984-BF21-C85E66AB43DB} = {39345047-FC50-447E-8287-877ACA6993A3}
		{3094383F-F0A6-4544-B407-9723B480ECAB} = {39345047-FC50-447E-8287-877ACA6993A3}
		{5B0F83D9-44B1-4D3B-B775-99245878662E} = {39345047-FC50-447E-8287-877ACA6993A3}
		{9E558223-7784-4597-8171-DED9B4BE5444} = {39345047-FC50-447E-8287-877ACA6993A3}
		{8D455523-B994-4C51-ABEC-A896FC406BFF} = {39345047-FC50-447E-8287-877ACA6993A3}
	EndGlobalSection
EndGlobal
